
Microsoft Visual Studio Solution File, Format Version 12.00
# Visual Studio Version 16
VisualStudioVersion = 16.0.31321.278
MinimumVisualStudioVersion = 10.0.40219.1
Project("{FAE04EC0-301F-11D3-BF4B-00C04F79EFBC}") = "Provenance", "Provenance\Provenance.csproj", "{CA9E9856-AD79-4C98-B1EB-37B9A39FFC44}"
EndProject
Global
	GlobalSection(SolutionConfigurationPlatforms) = preSolution
		Debug|Any CPU = Debug|Any CPU
		Release|Any CPU = Release|Any CPU
	EndGlobalSection
	GlobalSection(ProjectConfigurationPlatforms) = postSolution
		{CA9E9856-AD79-4C98-B1EB-37B9A39FFC44}.Debug|Any CPU.ActiveCfg = Debug|Any CPU
		{CA9E9856-AD79-4C98-B1EB-37B9A39FFC44}.Debug|Any CPU.Build.0 = Debug|Any CPU
		{CA9E9856-AD79-4C98-B1EB-37B9A39FFC44}.Release|Any CPU.ActiveCfg = Release|Any CPU
		{CA9E9856-AD79-4C98-B1EB-37B9A39FFC44}.Release|Any CPU.Build.0 = Release|Any CPU
	EndGlobalSection
	GlobalSection(SolutionProperties) = preSolution
		HideSolutionNode = FALSE
	EndGlobalSection
	GlobalSection(ExtensibilityGlobals) = postSolution
		SolutionGuid = {45D8B20D-FF2B-418F-BD32-6DDE64E9D098}
	EndGlobalSection
EndGlobal
